
Microsoft Visual Studio Solution File, Format Version 12.00
# Visual Studio Version 17
VisualStudioVersion = 17.11.35222.181
MinimumVisualStudioVersion = 10.0.40219.1
Project("{FAE04EC0-301F-11D3-BF4B-00C04F79EFBC}") = "EntregaTrabajoSemana13", "EntregaTrabajoSemana13\EntregaTrabajoSemana13.csproj", "{8B6ECC66-7966-4690-AE45-4CDB731DF239}"
EndProject
Global
	GlobalSection(SolutionConfigurationPlatforms) = preSolution
		Debug|Any CPU = Debug|Any CPU
		Release|Any CPU = Release|Any CPU
	EndGlobalSection
	GlobalSection(ProjectConfigurationPlatforms) = postSolution
		{8B6ECC66-7966-4690-AE45-4CDB731DF239}.Debug|Any CPU.ActiveCfg = Debug|Any CPU
		{8B6ECC66-7966-4690-AE45-4CDB731DF239}.Debug|Any CPU.Build.0 = Debug|Any CPU
		{8B6ECC66-7966-4690-AE45-4CDB731DF239}.Release|Any CPU.ActiveCfg = Release|Any CPU
		{8B6ECC66-7966-4690-AE45-4CDB731DF239}.Release|Any CPU.Build.0 = Release|Any CPU
	EndGlobalSection
	GlobalSection(SolutionProperties) = preSolution
		HideSolutionNode = FALSE
	EndGlobalSection
	GlobalSection(ExtensibilityGlobals) = postSolution
		SolutionGuid = {2DB007D4-633F-40C0-9C85-6B8B11513DD7}
	EndGlobalSection
EndGlobal
